
Microsoft Visual Studio Solution File, Format Version 12.00
# Visual Studio Version 17
VisualStudioVersion = 17.5.002.0
MinimumVisualStudioVersion = 10.0.40219.1
Project("{9A19103F-16F7-4668-BE54-9A1E7A4F7556}") = "ToDoApp", "ToDoApp.csproj", "{AD898E5E-B009-4F7E-AC48-BA5220F5407D}"
EndProject
Global
	GlobalSection(SolutionConfigurationPlatforms) = preSolution
		Debug|Any CPU = Debug|Any CPU
		Release|Any CPU = Release|Any CPU
	EndGlobalSection
	GlobalSection(ProjectConfigurationPlatforms) = postSolution
		{AD898E5E-B009-4F7E-AC48-BA5220F5407D}.Debug|Any CPU.ActiveCfg = Debug|Any CPU
		{AD898E5E-B009-4F7E-AC48-BA5220F5407D}.Debug|Any CPU.Build.0 = Debug|Any CPU
		{AD898E5E-B009-4F7E-AC48-BA5220F5407D}.Release|Any CPU.ActiveCfg = Release|Any CPU
		{AD898E5E-B009-4F7E-AC48-BA5220F5407D}.Release|Any CPU.Build.0 = Release|Any CPU
	EndGlobalSection
	GlobalSection(SolutionProperties) = preSolution
		HideSolutionNode = FALSE
	EndGlobalSection
	GlobalSection(ExtensibilityGlobals) = postSolution
		SolutionGuid = {8EDE7FAB-15C7-4100-82B8-5B9574481618}
	EndGlobalSection
EndGlobal
